// !$*UTF8*$!
{
	archiveVersion = 1;
	classes = {
	};
	objectVersion = 50;
	objects = {

/* Begin PBXBuildFile section */
		A7BD9D6B24BE544400B1DAF0 /* AppDelegate.swift in Sources */ = {isa = PBXBuildFile; fileRef = A7BD9D6A24BE544400B1DAF0 /* AppDelegate.swift */; };
		A7BD9D6D24BE544400B1DAF0 /* SceneDelegate.swift in Sources */ = {isa = PBXBuildFile; fileRef = A7BD9D6C24BE544400B1DAF0 /* SceneDelegate.swift */; };
		A7BD9D7224BE544400B1DAF0 /* Main.storyboard in Resources */ = {isa = PBXBuildFile; fileRef = A7BD9D7024BE544400B1DAF0 /* Main.storyboard */; };
		A7BD9D7424BE544700B1DAF0 /* Assets.xcassets in Resources */ = {isa = PBXBuildFile; fileRef = A7BD9D7324BE544700B1DAF0 /* Assets.xcassets */; };
		A7BD9D7724BE544700B1DAF0 /* LaunchScreen.storyboard in Resources */ = {isa = PBXBuildFile; fileRef = A7BD9D7524BE544700B1DAF0 /* LaunchScreen.storyboard */; };
		A7BD9D7F24BE54CE00B1DAF0 /* Colors.xcassets in Resources */ = {isa = PBXBuildFile; fileRef = A7BD9D7E24BE54CE00B1DAF0 /* Colors.xcassets */; };
		A7BD9D8424BE5AAB00B1DAF0 /* MenuViewController.swift in Sources */ = {isa = PBXBuildFile; fileRef = A7BD9D8324BE5AAB00B1DAF0 /* MenuViewController.swift */; };
		A7BD9D8624BE5B9600B1DAF0 /* MenuCustomCell.swift in Sources */ = {isa = PBXBuildFile; fileRef = A7BD9D8524BE5B9600B1DAF0 /* MenuCustomCell.swift */; };
		A7BD9D8824BE717500B1DAF0 /* CustomButton.swift in Sources */ = {isa = PBXBuildFile; fileRef = A7BD9D8724BE717500B1DAF0 /* CustomButton.swift */; };
		A7BD9D8A24BE74B000B1DAF0 /* OpcionesActivasViewController.swift in Sources */ = {isa = PBXBuildFile; fileRef = A7BD9D8924BE74B000B1DAF0 /* OpcionesActivasViewController.swift */; };
		A7BD9D8E24BE83C900B1DAF0 /* OpcionesActivasCustomCell.swift in Sources */ = {isa = PBXBuildFile; fileRef = A7BD9D8D24BE83C900B1DAF0 /* OpcionesActivasCustomCell.swift */; };
		A7BD9D9224BE925F00B1DAF0 /* CustomTextField.swift in Sources */ = {isa = PBXBuildFile; fileRef = A7BD9D9124BE925F00B1DAF0 /* CustomTextField.swift */; };
/* End PBXBuildFile section */

/* Begin PBXFileReference section */
		A7BD9D6724BE544400B1DAF0 /* Prueba iOS.app */ = {isa = PBXFileReference; explicitFileType = wrapper.application; includeInIndex = 0; path = "Prueba iOS.app"; sourceTree = BUILT_PRODUCTS_DIR; };
		A7BD9D6A24BE544400B1DAF0 /* AppDelegate.swift */ = {isa = PBXFileReference; lastKnownFileType = sourcecode.swift; path = AppDelegate.swift; sourceTree = "<group>"; };
		A7BD9D6C24BE544400B1DAF0 /* SceneDelegate.swift */ = {isa = PBXFileReference; lastKnownFileType = sourcecode.swift; path = SceneDelegate.swift; sourceTree = "<group>"; };
		A7BD9D7124BE544400B1DAF0 /* Base */ = {isa = PBXFileReference; lastKnownFileType = file.storyboard; name = Base; path = Base.lproj/Main.storyboard; sourceTree = "<group>"; };
		A7BD9D7324BE544700B1DAF0 /* Assets.xcassets */ = {isa = PBXFileReference; lastKnownFileType = folder.assetcatalog; path = Assets.xcassets; sourceTree = "<group>"; };
		A7BD9D7624BE544700B1DAF0 /* Base */ = {isa = PBXFileReference; lastKnownFileType = file.storyboard; name = Base; path = Base.lproj/LaunchScreen.storyboard; sourceTree = "<group>"; };
		A7BD9D7824BE544700B1DAF0 /* Info.plist */ = {isa = PBXFileReference; lastKnownFileType = text.plist.xml; path = Info.plist; sourceTree = "<group>"; };
		A7BD9D7E24BE54CE00B1DAF0 /* Colors.xcassets */ = {isa = PBXFileReference; lastKnownFileType = folder.assetcatalog; path = Colors.xcassets; sourceTree = "<group>"; };
		A7BD9D8324BE5AAB00B1DAF0 /* MenuViewController.swift */ = {isa = PBXFileReference; lastKnownFileType = sourcecode.swift; path = MenuViewController.swift; sourceTree = "<group>"; };
		A7BD9D8524BE5B9600B1DAF0 /* MenuCustomCell.swift */ = {isa = PBXFileReference; lastKnownFileType = sourcecode.swift; path = MenuCustomCell.swift; sourceTree = "<group>"; };
		A7BD9D8724BE717500B1DAF0 /* CustomButton.swift */ = {isa = PBXFileReference; lastKnownFileType = sourcecode.swift; path = CustomButton.swift; sourceTree = "<group>"; };
		A7BD9D8924BE74B000B1DAF0 /* OpcionesActivasViewController.swift */ = {isa = PBXFileReference; lastKnownFileType = sourcecode.swift; path = OpcionesActivasViewController.swift; sourceTree = "<group>"; };
		A7BD9D8D24BE83C900B1DAF0 /* OpcionesActivasCustomCell.swift */ = {isa = PBXFileReference; lastKnownFileType = sourcecode.swift; path = OpcionesActivasCustomCell.swift; sourceTree = "<group>"; };
		A7BD9D9124BE925F00B1DAF0 /* CustomTextField.swift */ = {isa = PBXFileReference; lastKnownFileType = sourcecode.swift; path = CustomTextField.swift; sourceTree = "<group>"; };
/* End PBXFileReference section */

/* Begin PBXFrameworksBuildPhase section */
		A7BD9D6424BE544400B1DAF0 /* Frameworks */ = {
			isa = PBXFrameworksBuildPhase;
			buildActionMask = 2147483647;
			files = (
			);
			runOnlyForDeploymentPostprocessing = 0;
		};
/* End PBXFrameworksBuildPhase section */

/* Begin PBXGroup section */
		A7BD9D5E24BE544400B1DAF0 = {
			isa = PBXGroup;
			children = (
				A7BD9D6924BE544400B1DAF0 /* Prueba iOS */,
				A7BD9D6824BE544400B1DAF0 /* Products */,
			);
			sourceTree = "<group>";
		};
		A7BD9D6824BE544400B1DAF0 /* Products */ = {
			isa = PBXGroup;
			children = (
				A7BD9D6724BE544400B1DAF0 /* Prueba iOS.app */,
			);
			name = Products;
			sourceTree = "<group>";
		};
		A7BD9D6924BE544400B1DAF0 /* Prueba iOS */ = {
			isa = PBXGroup;
			children = (
				A7BD9D7324BE544700B1DAF0 /* Assets.xcassets */,
				A7BD9D7E24BE54CE00B1DAF0 /* Colors.xcassets */,
				A7BD9D8224BE54F000B1DAF0 /* Controller */,
				A7BD9D8124BE54EA00B1DAF0 /* View */,
				A7BD9D8024BE54DD00B1DAF0 /* Model */,
				A7BD9D6A24BE544400B1DAF0 /* AppDelegate.swift */,
				A7BD9D6C24BE544400B1DAF0 /* SceneDelegate.swift */,
				A7BD9D7824BE544700B1DAF0 /* Info.plist */,
			);
			path = "Prueba iOS";
			sourceTree = "<group>";
		};
		A7BD9D8024BE54DD00B1DAF0 /* Model */ = {
			isa = PBXGroup;
			children = (
			);
			path = Model;
			sourceTree = "<group>";
		};
		A7BD9D8124BE54EA00B1DAF0 /* View */ = {
			isa = PBXGroup;
			children = (
				A7BD9D7024BE544400B1DAF0 /* Main.storyboard */,
				A7BD9D7524BE544700B1DAF0 /* LaunchScreen.storyboard */,
				A7BD9D8524BE5B9600B1DAF0 /* MenuCustomCell.swift */,
				A7BD9D8724BE717500B1DAF0 /* CustomButton.swift */,
				A7BD9D8D24BE83C900B1DAF0 /* OpcionesActivasCustomCell.swift */,
				A7BD9D9124BE925F00B1DAF0 /* CustomTextField.swift */,
			);
			path = View;
			sourceTree = "<group>";
		};
		A7BD9D8224BE54F000B1DAF0 /* Controller */ = {
			isa = PBXGroup;
			children = (
				A7BD9D8324BE5AAB00B1DAF0 /* MenuViewController.swift */,
				A7BD9D8924BE74B000B1DAF0 /* OpcionesActivasViewController.swift */,
			);
			path = Controller;
			sourceTree = "<group>";
		};
/* End PBXGroup section */

/* Begin PBXNativeTarget section */
		A7BD9D6624BE544400B1DAF0 /* Prueba iOS */ = {
			isa = PBXNativeTarget;
			buildConfigurationList = A7BD9D7B24BE544700B1DAF0 /* Build configuration list for PBXNativeTarget "Prueba iOS" */;
			buildPhases = (
				A7BD9D6324BE544400B1DAF0 /* Sources */,
				A7BD9D6424BE544400B1DAF0 /* Frameworks */,
				A7BD9D6524BE544400B1DAF0 /* Resources */,
			);
			buildRules = (
			);
			dependencies = (
			);
			name = "Prueba iOS";
			productName = "Prueba iOS";
			productReference = A7BD9D6724BE544400B1DAF0 /* Prueba iOS.app */;
			productType = "com.apple.product-type.application";
		};
/* End PBXNativeTarget section */

/* Begin PBXProject section */
		A7BD9D5F24BE544400B1DAF0 /* Project object */ = {
			isa = PBXProject;
			attributes = {
				LastSwiftUpdateCheck = 1150;
				LastUpgradeCheck = 1150;
				ORGANIZATIONNAME = JAJC;
				TargetAttributes = {
					A7BD9D6624BE544400B1DAF0 = {
						CreatedOnToolsVersion = 11.5;
					};
				};
			};
			buildConfigurationList = A7BD9D6224BE544400B1DAF0 /* Build configuration list for PBXProject "Prueba iOS" */;
			compatibilityVersion = "Xcode 9.3";
			developmentRegion = en;
			hasScannedForEncodings = 0;
			knownRegions = (
				en,
				Base,
			);
			mainGroup = A7BD9D5E24BE544400B1DAF0;
			productRefGroup = A7BD9D6824BE544400B1DAF0 /* Products */;
			projectDirPath = "";
			projectRoot = "";
			targets = (
				A7BD9D6624BE544400B1DAF0 /* Prueba iOS */,
			);
		};
/* End PBXProject section */

/* Begin PBXResourcesBuildPhase section */
		A7BD9D6524BE544400B1DAF0 /* Resources */ = {
			isa = PBXResourcesBuildPhase;
			buildActionMask = 2147483647;
			files = (
				A7BD9D7724BE544700B1DAF0 /* LaunchScreen.storyboard in Resources */,
				A7BD9D7F24BE54CE00B1DAF0 /* Colors.xcassets in Resources */,
				A7BD9D7424BE544700B1DAF0 /* Assets.xcassets in Resources */,
				A7BD9D7224BE544400B1DAF0 /* Main.storyboard in Resources */,
			);
			runOnlyForDeploymentPostprocessing = 0;
		};
/* End PBXResourcesBuildPhase section */

/* Begin PBXSourcesBuildPhase section */
		A7BD9D6324BE544400B1DAF0 /* Sources */ = {
			isa = PBXSourcesBuildPhase;
			buildActionMask = 2147483647;
			files = (
				A7BD9D6B24BE544400B1DAF0 /* AppDelegate.swift in Sources */,
				A7BD9D8424BE5AAB00B1DAF0 /* MenuViewController.swift in Sources */,
				A7BD9D8A24BE74B000B1DAF0 /* OpcionesActivasViewController.swift in Sources */,
				A7BD9D6D24BE544400B1DAF0 /* SceneDelegate.swift in Sources */,
				A7BD9D9224BE925F00B1DAF0 /* CustomTextField.swift in Sources */,
				A7BD9D8E24BE83C900B1DAF0 /* OpcionesActivasCustomCell.swift in Sources */,
				A7BD9D8624BE5B9600B1DAF0 /* MenuCustomCell.swift in Sources */,
				A7BD9D8824BE717500B1DAF0 /* CustomButton.swift in Sources */,
			);
			runOnlyForDeploymentPostprocessing = 0;
		};
/* End PBXSourcesBuildPhase section */

/* Begin PBXVariantGroup section */
		A7BD9D7024BE544400B1DAF0 /* Main.storyboard */ = {
			isa = PBXVariantGroup;
			children = (
				A7BD9D7124BE544400B1DAF0 /* Base */,
			);
			name = Main.storyboard;
			sourceTree = "<group>";
		};
		A7BD9D7524BE544700B1DAF0 /* LaunchScreen.storyboard */ = {
			isa = PBXVariantGroup;
			children = (
				A7BD9D7624BE544700B1DAF0 /* Base */,
			);
			name = LaunchScreen.storyboard;
			sourceTree = "<group>";
		};
/* End PBXVariantGroup section */

/* Begin XCBuildConfiguration section */
		A7BD9D7924BE544700B1DAF0 /* Debug */ = {
			isa = XCBuildConfiguration;
			buildSettings = {
				ALWAYS_SEARCH_USER_PATHS = NO;
				CLANG_ANALYZER_NONNULL = YES;
				CLANG_ANALYZER_NUMBER_OBJECT_CONVERSION = YES_AGGRESSIVE;
				CLANG_CXX_LANGUAGE_STANDARD = "gnu++14";
				CLANG_CXX_LIBRARY = "libc++";
				CLANG_ENABLE_MODULES = YES;
				CLANG_ENABLE_OBJC_ARC = YES;
				CLANG_ENABLE_OBJC_WEAK = YES;
				CLANG_WARN_BLOCK_CAPTURE_AUTORELEASING = YES;
				CLANG_WARN_BOOL_CONVERSION = YES;
				CLANG_WARN_COMMA = YES;
				CLANG_WARN_CONSTANT_CONVERSION = YES;
				CLANG_WARN_DEPRECATED_OBJC_IMPLEMENTATIONS = YES;
				CLANG_WARN_DIRECT_OBJC_ISA_USAGE = YES_ERROR;
				CLANG_WARN_DOCUMENTATION_COMMENTS = YES;
				CLANG_WARN_EMPTY_BODY = YES;
				CLANG_WARN_ENUM_CONVERSION = YES;
				CLANG_WARN_INFINITE_RECURSION = YES;
				CLANG_WARN_INT_CONVERSION = YES;
				CLANG_WARN_NON_LITERAL_NULL_CONVERSION = YES;
				CLANG_WARN_OBJC_IMPLICIT_RETAIN_SELF = YES;
				CLANG_WARN_OBJC_LITERAL_CONVERSION = YES;
				CLANG_WARN_OBJC_ROOT_CLASS = YES_ERROR;
				CLANG_WARN_RANGE_LOOP_ANALYSIS = YES;
				CLANG_WARN_STRICT_PROTOTYPES = YES;
				CLANG_WARN_SUSPICIOUS_MOVE = YES;
				CLANG_WARN_UNGUARDED_AVAILABILITY = YES_AGGRESSIVE;
				CLANG_WARN_UNREACHABLE_CODE = YES;
				CLANG_WARN__DUPLICATE_METHOD_MATCH = YES;
				COPY_PHASE_STRIP = NO;
				DEBUG_INFORMATION_FORMAT = dwarf;
				ENABLE_STRICT_OBJC_MSGSEND = YES;
				ENABLE_TESTABILITY = YES;
				GCC_C_LANGUAGE_STANDARD = gnu11;
				GCC_DYNAMIC_NO_PIC = NO;
				GCC_NO_COMMON_BLOCKS = YES;
				GCC_OPTIMIZATION_LEVEL = 0;
				GCC_PREPROCESSOR_DEFINITIONS = (
					"DEBUG=1",
					"$(inherited)",
				);
				GCC_WARN_64_TO_32_BIT_CONVERSION = YES;
				GCC_WARN_ABOUT_RETURN_TYPE = YES_ERROR;
				GCC_WARN_UNDECLARED_SELECTOR = YES;
				GCC_WARN_UNINITIALIZED_AUTOS = YES_AGGRESSIVE;
				GCC_WARN_UNUSED_FUNCTION = YES;
				GCC_WARN_UNUSED_VARIABLE = YES;
				IPHONEOS_DEPLOYMENT_TARGET = 13.5;
				MTL_ENABLE_DEBUG_INFO = INCLUDE_SOURCE;
				MTL_FAST_MATH = YES;
				ONLY_ACTIVE_ARCH = YES;
				SDKROOT = iphoneos;
				SWIFT_ACTIVE_COMPILATION_CONDITIONS = DEBUG;
				SWIFT_OPTIMIZATION_LEVEL = "-Onone";
			};
			name = Debug;
		};
		A7BD9D7A24BE544700B1DAF0 /* Release */ = {
			isa = XCBuildConfiguration;
			buildSettings = {
				ALWAYS_SEARCH_USER_PATHS = NO;
				CLANG_ANALYZER_NONNULL = YES;
				CLANG_ANALYZER_NUMBER_OBJECT_CONVERSION = YES_AGGRESSIVE;
				CLANG_CXX_LANGUAGE_STANDARD = "gnu++14";
				CLANG_CXX_LIBRARY = "libc++";
				CLANG_ENABLE_MODULES = YES;
				CLANG_ENABLE_OBJC_ARC = YES;
				CLANG_ENABLE_OBJC_WEAK = YES;
				CLANG_WARN_BLOCK_CAPTURE_AUTORELEASING = YES;
				CLANG_WARN_BOOL_CONVERSION = YES;
				CLANG_WARN_COMMA = YES;
				CLANG_WARN_CONSTANT_CONVERSION = YES;
				CLANG_WARN_DEPRECATED_OBJC_IMPLEMENTATIONS = YES;
				CLANG_WARN_DIRECT_OBJC_ISA_USAGE = YES_ERROR;
				CLANG_WARN_DOCUMENTATION_COMMENTS = YES;
				CLANG_WARN_EMPTY_BODY = YES;
				CLANG_WARN_ENUM_CONVERSION = YES;
				CLANG_WARN_INFINITE_RECURSION = YES;
				CLANG_WARN_INT_CONVERSION = YES;
				CLANG_WARN_NON_LITERAL_NULL_CONVERSION = YES;
				CLANG_WARN_OBJC_IMPLICIT_RETAIN_SELF = YES;
				CLANG_WARN_OBJC_LITERAL_CONVERSION = YES;
				CLANG_WARN_OBJC_ROOT_CLASS = YES_ERROR;
				CLANG_WARN_RANGE_LOOP_ANALYSIS = YES;
				CLANG_WARN_STRICT_PROTOTYPES = YES;
				CLANG_WARN_SUSPICIOUS_MOVE = YES;
				CLANG_WARN_UNGUARDED_AVAILABILITY = YES_AGGRESSIVE;
				CLANG_WARN_UNREACHABLE_CODE = YES;
				CLANG_WARN__DUPLICATE_METHOD_MATCH = YES;
				COPY_PHASE_STRIP = NO;
				DEBUG_INFORMATION_FORMAT = "dwarf-with-dsym";
				ENABLE_NS_ASSERTIONS = NO;
				ENABLE_STRICT_OBJC_MSGSEND = YES;
				GCC_C_LANGUAGE_STANDARD = gnu11;
				GCC_NO_COMMON_BLOCKS = YES;
				GCC_WARN_64_TO_32_BIT_CONVERSION = YES;
				GCC_WARN_ABOUT_RETURN_TYPE = YES_ERROR;
				GCC_WARN_UNDECLARED_SELECTOR = YES;
				GCC_WARN_UNINITIALIZED_AUTOS = YES_AGGRESSIVE;
				GCC_WARN_UNUSED_FUNCTION = YES;
				GCC_WARN_UNUSED_VARIABLE = YES;
				IPHONEOS_DEPLOYMENT_TARGET = 13.5;
				MTL_ENABLE_DEBUG_INFO = NO;
				MTL_FAST_MATH = YES;
				SDKROOT = iphoneos;
				SWIFT_COMPILATION_MODE = wholemodule;
				SWIFT_OPTIMIZATION_LEVEL = "-O";
				VALIDATE_PRODUCT = YES;
			};
			name = Release;
		};
		A7BD9D7C24BE544700B1DAF0 /* Debug */ = {
			isa = XCBuildConfiguration;
			buildSettings = {
				ASSETCATALOG_COMPILER_APPICON_NAME = AppIcon;
				CODE_SIGN_STYLE = Automatic;
				DEVELOPMENT_TEAM = QN8JSNM9AB;
				INFOPLIST_FILE = "Prueba iOS/Info.plist";
				LD_RUNPATH_SEARCH_PATHS = (
					"$(inherited)",
					"@executable_path/Frameworks",
				);
				PRODUCT_BUNDLE_IDENTIFIER = "com.alexjimenez.Prueba-iOS";
				PRODUCT_NAME = "$(TARGET_NAME)";
				SWIFT_VERSION = 5.0;
				TARGETED_DEVICE_FAMILY = 1;
			};
			name = Debug;
		};
		A7BD9D7D24BE544700B1DAF0 /* Release */ = {
			isa = XCBuildConfiguration;
			buildSettings = {
				ASSETCATALOG_COMPILER_APPICON_NAME = AppIcon;
				CODE_SIGN_STYLE = Automatic;
				DEVELOPMENT_TEAM = QN8JSNM9AB;
				INFOPLIST_FILE = "Prueba iOS/Info.plist";
				LD_RUNPATH_SEARCH_PATHS = (
					"$(inherited)",
					"@executable_path/Frameworks",
				);
				PRODUCT_BUNDLE_IDENTIFIER = "com.alexjimenez.Prueba-iOS";
				PRODUCT_NAME = "$(TARGET_NAME)";
				SWIFT_VERSION = 5.0;
				TARGETED_DEVICE_FAMILY = 1;
			};
			name = Release;
		};
/* End XCBuildConfiguration section */

/* Begin XCConfigurationList section */
		A7BD9D6224BE544400B1DAF0 /* Build configuration list for PBXProject "Prueba iOS" */ = {
			isa = XCConfigurationList;
			buildConfigurations = (
				A7BD9D7924BE544700B1DAF0 /* Debug */,
				A7BD9D7A24BE544700B1DAF0 /* Release */,
			);
			defaultConfigurationIsVisible = 0;
			defaultConfigurationName = Release;
		};
		A7BD9D7B24BE544700B1DAF0 /* Build configuration list for PBXNativeTarget "Prueba iOS" */ = {
			isa = XCConfigurationList;
			buildConfigurations = (
				A7BD9D7C24BE544700B1DAF0 /* Debug */,
				A7BD9D7D24BE544700B1DAF0 /* Release */,
			);
			defaultConfigurationIsVisible = 0;
			defaultConfigurationName = Release;
		};
/* End XCConfigurationList section */
	};
	rootObject = A7BD9D5F24BE544400B1DAF0 /* Project object */;
}
